
Microsoft Visual Studio Solution File, Format Version 12.00
# Visual Studio 2015
Project("{FAE04EC0-301F-11D3-BF4B-00C04F79EFBC}") = "CatlikeCodingTutorial_Basics.CSharp", "CatlikeCodingTutorial_Basics.CSharp.csproj", "{393EF0F9-581B-5C4A-E0A6-CA25565F3A0B}"
EndProject
Global
	GlobalSection(SolutionConfigurationPlatforms) = preSolution
		Debug|Any CPU = Debug|Any CPU
		Release|Any CPU = Release|Any CPU
	EndGlobalSection
	GlobalSection(ProjectConfigurationPlatforms) = postSolution
		{393EF0F9-581B-5C4A-E0A6-CA25565F3A0B}.Debug|Any CPU.ActiveCfg = Debug|Any CPU
		{393EF0F9-581B-5C4A-E0A6-CA25565F3A0B}.Debug|Any CPU.Build.0 = Debug|Any CPU
		{393EF0F9-581B-5C4A-E0A6-CA25565F3A0B}.Release|Any CPU.ActiveCfg = Release|Any CPU
		{393EF0F9-581B-5C4A-E0A6-CA25565F3A0B}.Release|Any CPU.Build.0 = Release|Any CPU
	EndGlobalSection
	GlobalSection(SolutionProperties) = preSolution
		HideSolutionNode = FALSE
	EndGlobalSection
EndGlobal
